<?xml version="1.0" encoding="utf-8"?>
<Project ToolsVersion="4.0" xmlns="http://schemas.microsoft.com/developer/msbuild/2003">
  <ItemGroup>
    <Filter Include="engine">
      <UniqueIdentifier>{FBDB78FB-E77D-A3D1-D038-B725BC792A22}</UniqueIdentifier>
    </Filter>
    <Filter Include="engine\events">
      <UniqueIdentifier>{9FF33A70-0BB4-B6A6-D4EE-FF23406EFB82}</UniqueIdentifier>
    </Filter>
  </ItemGroup>
  <ItemGroup>
    <ClInclude Include="src\engine.h" />
    <ClInclude Include="src\engine\application.h">
      <Filter>engine</Filter>
    </ClInclude>
    <ClInclude Include="src\engine\core.h">
      <Filter>engine</Filter>
    </ClInclude>
    <ClInclude Include="src\engine\entrypoint.h">
      <Filter>engine</Filter>
    </ClInclude>
    <ClInclude Include="src\engine\events\application_event.h">
      <Filter>engine\events</Filter>
    </ClInclude>
    <ClInclude Include="src\engine\events\event.h">
      <Filter>engine\events</Filter>
    </ClInclude>
    <ClInclude Include="src\engine\events\key_event.h">
      <Filter>engine\events</Filter>
    </ClInclude>
    <ClInclude Include="src\engine\events\mouse_event.h">
      <Filter>engine\events</Filter>
    </ClInclude>
    <ClInclude Include="src\engine\log.h">
      <Filter>engine</Filter>
    </ClInclude>
  </ItemGroup>
  <ItemGroup>
    <ClCompile Include="src\engine\application.cpp">
      <Filter>engine</Filter>
    </ClCompile>
    <ClCompile Include="src\engine\log.cpp">
      <Filter>engine</Filter>
    </ClCompile>
  </ItemGroup>
</Project>